- name: Test catching error
  hosts: controller
  tasks:
    - name: Test block
      block:
        - name: Create user
          user:
            name: newUser
            state: present
          register: err
        - name: Install curl
          apt:
            name: curl
            update_cache: yes
          register: err
        - name: Failing
          command: echo "FAILED"
          register: result
          failed_when: "'FAILED' in result.stdout"
      become: true
      rescue:
        - name: Print error
          debug:
            var: err
      always:
        - name: Reboot
          debug:
            msg: Rebooooooooot
